// !$*UTF8*$!
{
	archiveVersion = 1;
	classes = {
	};
	objectVersion = 46;
	objects = {

/* Begin PBXBuildFile section */
		018C8D371C85910B00AE36E7 /* AppDelegate.swift in Sources */ = {isa = PBXBuildFile; fileRef = 018C8D361C85910B00AE36E7 /* AppDelegate.swift */; };
		018C8D391C85910B00AE36E7 /* AddNewItemViewController.swift in Sources */ = {isa = PBXBuildFile; fileRef = 018C8D381C85910B00AE36E7 /* AddNewItemViewController.swift */; };
		018C8D3C1C85910B00AE36E7 /* Main.storyboard in Resources */ = {isa = PBXBuildFile; fileRef = 018C8D3A1C85910B00AE36E7 /* Main.storyboard */; };
		018C8D3E1C85910B00AE36E7 /* Assets.xcassets in Resources */ = {isa = PBXBuildFile; fileRef = 018C8D3D1C85910B00AE36E7 /* Assets.xcassets */; };
		018C8D411C85910B00AE36E7 /* LaunchScreen.storyboard in Resources */ = {isa = PBXBuildFile; fileRef = 018C8D3F1C85910B00AE36E7 /* LaunchScreen.storyboard */; };
		018C8D4C1C85910C00AE36E7 /* To_Do_ListTests.swift in Sources */ = {isa = PBXBuildFile; fileRef = 018C8D4B1C85910C00AE36E7 /* To_Do_ListTests.swift */; };
		018C8D571C85910C00AE36E7 /* To_Do_ListUITests.swift in Sources */ = {isa = PBXBuildFile; fileRef = 018C8D561C85910C00AE36E7 /* To_Do_ListUITests.swift */; };
		018C8D651C8595B700AE36E7 /* ToDoListTableViewController.swift in Sources */ = {isa = PBXBuildFile; fileRef = 018C8D641C8595B700AE36E7 /* ToDoListTableViewController.swift */; };
		01D1CCA31C862975001075E5 /* ToDoItem.swift in Sources */ = {isa = PBXBuildFile; fileRef = 01D1CCA21C862975001075E5 /* ToDoItem.swift */; };
		01D1CCA51C86A455001075E5 /* StatsViewController.swift in Sources */ = {isa = PBXBuildFile; fileRef = 01D1CCA41C86A455001075E5 /* StatsViewController.swift */; };
/* End PBXBuildFile section */

/* Begin PBXContainerItemProxy section */
		018C8D481C85910C00AE36E7 /* PBXContainerItemProxy */ = {
			isa = PBXContainerItemProxy;
			containerPortal = 018C8D2B1C85910B00AE36E7 /* Project object */;
			proxyType = 1;
			remoteGlobalIDString = 018C8D321C85910B00AE36E7;
			remoteInfo = "To-Do List";
		};
		018C8D531C85910C00AE36E7 /* PBXContainerItemProxy */ = {
			isa = PBXContainerItemProxy;
			containerPortal = 018C8D2B1C85910B00AE36E7 /* Project object */;
			proxyType = 1;
			remoteGlobalIDString = 018C8D321C85910B00AE36E7;
			remoteInfo = "To-Do List";
		};
/* End PBXContainerItemProxy section */

/* Begin PBXFileReference section */
		018C8D331C85910B00AE36E7 /* To-Do List.app */ = {isa = PBXFileReference; explicitFileType = wrapper.application; includeInIndex = 0; path = "To-Do List.app"; sourceTree = BUILT_PRODUCTS_DIR; };
		018C8D361C85910B00AE36E7 /* AppDelegate.swift */ = {isa = PBXFileReference; lastKnownFileType = sourcecode.swift; path = AppDelegate.swift; sourceTree = "<group>"; };
		018C8D381C85910B00AE36E7 /* AddNewItemViewController.swift */ = {isa = PBXFileReference; lastKnownFileType = sourcecode.swift; path = AddNewItemViewController.swift; sourceTree = "<group>"; };
		018C8D3B1C85910B00AE36E7 /* Base */ = {isa = PBXFileReference; lastKnownFileType = file.storyboard; name = Base; path = Base.lproj/Main.storyboard; sourceTree = "<group>"; };
		018C8D3D1C85910B00AE36E7 /* Assets.xcassets */ = {isa = PBXFileReference; lastKnownFileType = folder.assetcatalog; path = Assets.xcassets; sourceTree = "<group>"; };
		018C8D401C85910B00AE36E7 /* Base */ = {isa = PBXFileReference; lastKnownFileType = file.storyboard; name = Base; path = Base.lproj/LaunchScreen.storyboard; sourceTree = "<group>"; };
		018C8D421C85910B00AE36E7 /* Info.plist */ = {isa = PBXFileReference; lastKnownFileType = text.plist.xml; path = Info.plist; sourceTree = "<group>"; };
		018C8D471C85910C00AE36E7 /* To-Do ListTests.xctest */ = {isa = PBXFileReference; explicitFileType = wrapper.cfbundle; includeInIndex = 0; path = "To-Do ListTests.xctest"; sourceTree = BUILT_PRODUCTS_DIR; };
		018C8D4B1C85910C00AE36E7 /* To_Do_ListTests.swift */ = {isa = PBXFileReference; lastKnownFileType = sourcecode.swift; path = To_Do_ListTests.swift; sourceTree = "<group>"; };
		018C8D4D1C85910C00AE36E7 /* Info.plist */ = {isa = PBXFileReference; lastKnownFileType = text.plist.xml; path = Info.plist; sourceTree = "<group>"; };
		018C8D521C85910C00AE36E7 /* To-Do ListUITests.xctest */ = {isa = PBXFileReference; explicitFileType = wrapper.cfbundle; includeInIndex = 0; path = "To-Do ListUITests.xctest"; sourceTree = BUILT_PRODUCTS_DIR; };
		018C8D561C85910C00AE36E7 /* To_Do_ListUITests.swift */ = {isa = PBXFileReference; lastKnownFileType = sourcecode.swift; path = To_Do_ListUITests.swift; sourceTree = "<group>"; };
		018C8D581C85910C00AE36E7 /* Info.plist */ = {isa = PBXFileReference; lastKnownFileType = text.plist.xml; path = Info.plist; sourceTree = "<group>"; };
		018C8D641C8595B700AE36E7 /* ToDoListTableViewController.swift */ = {isa = PBXFileReference; fileEncoding = 4; lastKnownFileType = sourcecode.swift; path = ToDoListTableViewController.swift; sourceTree = "<group>"; };
		01D1CCA21C862975001075E5 /* ToDoItem.swift */ = {isa = PBXFileReference; fileEncoding = 4; lastKnownFileType = sourcecode.swift; path = ToDoItem.swift; sourceTree = "<group>"; };
		01D1CCA41C86A455001075E5 /* StatsViewController.swift */ = {isa = PBXFileReference; fileEncoding = 4; lastKnownFileType = sourcecode.swift; path = StatsViewController.swift; sourceTree = "<group>"; };
/* End PBXFileReference section */

/* Begin PBXFrameworksBuildPhase section */
		018C8D301C85910B00AE36E7 /* Frameworks */ = {
			isa = PBXFrameworksBuildPhase;
			buildActionMask = 2147483647;
			files = (
			);
			runOnlyForDeploymentPostprocessing = 0;
		};
		018C8D441C85910C00AE36E7 /* Frameworks */ = {
			isa = PBXFrameworksBuildPhase;
			buildActionMask = 2147483647;
			files = (
			);
			runOnlyForDeploymentPostprocessing = 0;
		};
		018C8D4F1C85910C00AE36E7 /* Frameworks */ = {
			isa = PBXFrameworksBuildPhase;
			buildActionMask = 2147483647;
			files = (
			);
			runOnlyForDeploymentPostprocessing = 0;
		};
/* End PBXFrameworksBuildPhase section */

/* Begin PBXGroup section */
		018C8D2A1C85910B00AE36E7 = {
			isa = PBXGroup;
			children = (
				018C8D351C85910B00AE36E7 /* To-Do List */,
				018C8D4A1C85910C00AE36E7 /* To-Do ListTests */,
				018C8D551C85910C00AE36E7 /* To-Do ListUITests */,
				018C8D341C85910B00AE36E7 /* Products */,
			);
			sourceTree = "<group>";
		};
		018C8D341C85910B00AE36E7 /* Products */ = {
			isa = PBXGroup;
			children = (
				018C8D331C85910B00AE36E7 /* To-Do List.app */,
				018C8D471C85910C00AE36E7 /* To-Do ListTests.xctest */,
				018C8D521C85910C00AE36E7 /* To-Do ListUITests.xctest */,
			);
			name = Products;
			sourceTree = "<group>";
		};
		018C8D351C85910B00AE36E7 /* To-Do List */ = {
			isa = PBXGroup;
			children = (
				018C8D361C85910B00AE36E7 /* AppDelegate.swift */,
				018C8D381C85910B00AE36E7 /* AddNewItemViewController.swift */,
				018C8D641C8595B700AE36E7 /* ToDoListTableViewController.swift */,
				018C8D3A1C85910B00AE36E7 /* Main.storyboard */,
				01D1CCA41C86A455001075E5 /* StatsViewController.swift */,
				01D1CCA21C862975001075E5 /* ToDoItem.swift */,
				018C8D3D1C85910B00AE36E7 /* Assets.xcassets */,
				018C8D3F1C85910B00AE36E7 /* LaunchScreen.storyboard */,
				018C8D421C85910B00AE36E7 /* Info.plist */,
			);
			path = "To-Do List";
			sourceTree = "<group>";
		};
		018C8D4A1C85910C00AE36E7 /* To-Do ListTests */ = {
			isa = PBXGroup;
			children = (
				018C8D4B1C85910C00AE36E7 /* To_Do_ListTests.swift */,
				018C8D4D1C85910C00AE36E7 /* Info.plist */,
			);
			path = "To-Do ListTests";
			sourceTree = "<group>";
		};
		018C8D551C85910C00AE36E7 /* To-Do ListUITests */ = {
			isa = PBXGroup;
			children = (
				018C8D561C85910C00AE36E7 /* To_Do_ListUITests.swift */,
				018C8D581C85910C00AE36E7 /* Info.plist */,
			);
			path = "To-Do ListUITests";
			sourceTree = "<group>";
		};
/* End PBXGroup section */

/* Begin PBXNativeTarget section */
		018C8D321C85910B00AE36E7 /* To-Do List */ = {
			isa = PBXNativeTarget;
			buildConfigurationList = 018C8D5B1C85910C00AE36E7 /* Build configuration list for PBXNativeTarget "To-Do List" */;
			buildPhases = (
				018C8D2F1C85910B00AE36E7 /* Sources */,
				018C8D301C85910B00AE36E7 /* Frameworks */,
				018C8D311C85910B00AE36E7 /* Resources */,
			);
			buildRules = (
			);
			dependencies = (
			);
			name = "To-Do List";
			productName = "To-Do List";
			productReference = 018C8D331C85910B00AE36E7 /* To-Do List.app */;
			productType = "com.apple.product-type.application";
		};
		018C8D461C85910C00AE36E7 /* To-Do ListTests */ = {
			isa = PBXNativeTarget;
			buildConfigurationList = 018C8D5E1C85910C00AE36E7 /* Build configuration list for PBXNativeTarget "To-Do ListTests" */;
			buildPhases = (
				018C8D431C85910C00AE36E7 /* Sources */,
				018C8D441C85910C00AE36E7 /* Frameworks */,
				018C8D451C85910C00AE36E7 /* Resources */,
			);
			buildRules = (
			);
			dependencies = (
				018C8D491C85910C00AE36E7 /* PBXTargetDependency */,
			);
			name = "To-Do ListTests";
			productName = "To-Do ListTests";
			productReference = 018C8D471C85910C00AE36E7 /* To-Do ListTests.xctest */;
			productType = "com.apple.product-type.bundle.unit-test";
		};
		018C8D511C85910C00AE36E7 /* To-Do ListUITests */ = {
			isa = PBXNativeTarget;
			buildConfigurationList = 018C8D611C85910C00AE36E7 /* Build configuration list for PBXNativeTarget "To-Do ListUITests" */;
			buildPhases = (
				018C8D4E1C85910C00AE36E7 /* Sources */,
				018C8D4F1C85910C00AE36E7 /* Frameworks */,
				018C8D501C85910C00AE36E7 /* Resources */,
			);
			buildRules = (
			);
			dependencies = (
				018C8D541C85910C00AE36E7 /* PBXTargetDependency */,
			);
			name = "To-Do ListUITests";
			productName = "To-Do ListUITests";
			productReference = 018C8D521C85910C00AE36E7 /* To-Do ListUITests.xctest */;
			productType = "com.apple.product-type.bundle.ui-testing";
		};
/* End PBXNativeTarget section */

/* Begin PBXProject section */
		018C8D2B1C85910B00AE36E7 /* Project object */ = {
			isa = PBXProject;
			attributes = {
				LastSwiftUpdateCheck = 0720;
				LastUpgradeCheck = 0720;
				ORGANIZATIONNAME = "Nicolas Zoghb";
				TargetAttributes = {
					018C8D321C85910B00AE36E7 = {
						CreatedOnToolsVersion = 7.2.1;
					};
					018C8D461C85910C00AE36E7 = {
						CreatedOnToolsVersion = 7.2.1;
						TestTargetID = 018C8D321C85910B00AE36E7;
					};
					018C8D511C85910C00AE36E7 = {
						CreatedOnToolsVersion = 7.2.1;
						TestTargetID = 018C8D321C85910B00AE36E7;
					};
				};
			};
			buildConfigurationList = 018C8D2E1C85910B00AE36E7 /* Build configuration list for PBXProject "To-Do List" */;
			compatibilityVersion = "Xcode 3.2";
			developmentRegion = English;
			hasScannedForEncodings = 0;
			knownRegions = (
				en,
				Base,
			);
			mainGroup = 018C8D2A1C85910B00AE36E7;
			productRefGroup = 018C8D341C85910B00AE36E7 /* Products */;
			projectDirPath = "";
			projectRoot = "";
			targets = (
				018C8D321C85910B00AE36E7 /* To-Do List */,
				018C8D461C85910C00AE36E7 /* To-Do ListTests */,
				018C8D511C85910C00AE36E7 /* To-Do ListUITests */,
			);
		};
/* End PBXProject section */

/* Begin PBXResourcesBuildPhase section */
		018C8D311C85910B00AE36E7 /* Resources */ = {
			isa = PBXResourcesBuildPhase;
			buildActionMask = 2147483647;
			files = (
				018C8D411C85910B00AE36E7 /* LaunchScreen.storyboard in Resources */,
				018C8D3E1C85910B00AE36E7 /* Assets.xcassets in Resources */,
				018C8D3C1C85910B00AE36E7 /* Main.storyboard in Resources */,
			);
			runOnlyForDeploymentPostprocessing = 0;
		};
		018C8D451C85910C00AE36E7 /* Resources */ = {
			isa = PBXResourcesBuildPhase;
			buildActionMask = 2147483647;
			files = (
			);
			runOnlyForDeploymentPostprocessing = 0;
		};
		018C8D501C85910C00AE36E7 /* Resources */ = {
			isa = PBXResourcesBuildPhase;
			buildActionMask = 2147483647;
			files = (
			);
			runOnlyForDeploymentPostprocessing = 0;
		};
/* End PBXResourcesBuildPhase section */

/* Begin PBXSourcesBuildPhase section */
		018C8D2F1C85910B00AE36E7 /* Sources */ = {
			isa = PBXSourcesBuildPhase;
			buildActionMask = 2147483647;
			files = (
				018C8D391C85910B00AE36E7 /* AddNewItemViewController.swift in Sources */,
				018C8D371C85910B00AE36E7 /* AppDelegate.swift in Sources */,
				01D1CCA31C862975001075E5 /* ToDoItem.swift in Sources */,
				01D1CCA51C86A455001075E5 /* StatsViewController.swift in Sources */,
				018C8D651C8595B700AE36E7 /* ToDoListTableViewController.swift in Sources */,
			);
			runOnlyForDeploymentPostprocessing = 0;
		};
		018C8D431C85910C00AE36E7 /* Sources */ = {
			isa = PBXSourcesBuildPhase;
			buildActionMask = 2147483647;
			files = (
				018C8D4C1C85910C00AE36E7 /* To_Do_ListTests.swift in Sources */,
			);
			runOnlyForDeploymentPostprocessing = 0;
		};
		018C8D4E1C85910C00AE36E7 /* Sources */ = {
			isa = PBXSourcesBuildPhase;
			buildActionMask = 2147483647;
			files = (
				018C8D571C85910C00AE36E7 /* To_Do_ListUITests.swift in Sources */,
			);
			runOnlyForDeploymentPostprocessing = 0;
		};
/* End PBXSourcesBuildPhase section */

/* Begin PBXTargetDependency section */
		018C8D491C85910C00AE36E7 /* PBXTargetDependency */ = {
			isa = PBXTargetDependency;
			target = 018C8D321C85910B00AE36E7 /* To-Do List */;
			targetProxy = 018C8D481C85910C00AE36E7 /* PBXContainerItemProxy */;
		};
		018C8D541C85910C00AE36E7 /* PBXTargetDependency */ = {
			isa = PBXTargetDependency;
			target = 018C8D321C85910B00AE36E7 /* To-Do List */;
			targetProxy = 018C8D531C85910C00AE36E7 /* PBXContainerItemProxy */;
		};
/* End PBXTargetDependency section */

/* Begin PBXVariantGroup section */
		018C8D3A1C85910B00AE36E7 /* Main.storyboard */ = {
			isa = PBXVariantGroup;
			children = (
				018C8D3B1C85910B00AE36E7 /* Base */,
			);
			name = Main.storyboard;
			sourceTree = "<group>";
		};
		018C8D3F1C85910B00AE36E7 /* LaunchScreen.storyboard */ = {
			isa = PBXVariantGroup;
			children = (
				018C8D401C85910B00AE36E7 /* Base */,
			);
			name = LaunchScreen.storyboard;
			sourceTree = "<group>";
		};
/* End PBXVariantGroup section */

/* Begin XCBuildConfiguration section */
		018C8D591C85910C00AE36E7 /* Debug */ = {
			isa = XCBuildConfiguration;
			buildSettings = {
				ALWAYS_SEARCH_USER_PATHS = NO;
				CLANG_CXX_LANGUAGE_STANDARD = "gnu++0x";
				CLANG_CXX_LIBRARY = "libc++";
				CLANG_ENABLE_MODULES = YES;
				CLANG_ENABLE_OBJC_ARC = YES;
				CLANG_WARN_BOOL_CONVERSION = YES;
				CLANG_WARN_CONSTANT_CONVERSION = YES;
				CLANG_WARN_DIRECT_OBJC_ISA_USAGE = YES_ERROR;
				CLANG_WARN_EMPTY_BODY = YES;
				CLANG_WARN_ENUM_CONVERSION = YES;
				CLANG_WARN_INT_CONVERSION = YES;
				CLANG_WARN_OBJC_ROOT_CLASS = YES_ERROR;
				CLANG_WARN_UNREACHABLE_CODE = YES;
				CLANG_WARN__DUPLICATE_METHOD_MATCH = YES;
				"CODE_SIGN_IDENTITY[sdk=iphoneos*]" = "iPhone Developer";
				COPY_PHASE_STRIP = NO;
				DEBUG_INFORMATION_FORMAT = dwarf;
				ENABLE_STRICT_OBJC_MSGSEND = YES;
				ENABLE_TESTABILITY = YES;
				GCC_C_LANGUAGE_STANDARD = gnu99;
				GCC_DYNAMIC_NO_PIC = NO;
				GCC_NO_COMMON_BLOCKS = YES;
				GCC_OPTIMIZATION_LEVEL = 0;
				GCC_PREPROCESSOR_DEFINITIONS = (
					"DEBUG=1",
					"$(inherited)",
				);
				GCC_WARN_64_TO_32_BIT_CONVERSION = YES;
				GCC_WARN_ABOUT_RETURN_TYPE = YES_ERROR;
				GCC_WARN_UNDECLARED_SELECTOR = YES;
				GCC_WARN_UNINITIALIZED_AUTOS = YES_AGGRESSIVE;
				GCC_WARN_UNUSED_FUNCTION = YES;
				GCC_WARN_UNUSED_VARIABLE = YES;
				IPHONEOS_DEPLOYMENT_TARGET = 9.2;
				MTL_ENABLE_DEBUG_INFO = YES;
				ONLY_ACTIVE_ARCH = YES;
				SDKROOT = iphoneos;
				SWIFT_OPTIMIZATION_LEVEL = "-Onone";
				TARGETED_DEVICE_FAMILY = "1,2";
			};
			name = Debug;
		};
		018C8D5A1C85910C00AE36E7 /* Release */ = {
			isa = XCBuildConfiguration;
			buildSettings = {
				ALWAYS_SEARCH_USER_PATHS = NO;
				CLANG_CXX_LANGUAGE_STANDARD = "gnu++0x";
				CLANG_CXX_LIBRARY = "libc++";
				CLANG_ENABLE_MODULES = YES;
				CLANG_ENABLE_OBJC_ARC = YES;
				CLANG_WARN_BOOL_CONVERSION = YES;
				CLANG_WARN_CONSTANT_CONVERSION = YES;
				CLANG_WARN_DIRECT_OBJC_ISA_USAGE = YES_ERROR;
				CLANG_WARN_EMPTY_BODY = YES;
				CLANG_WARN_ENUM_CONVERSION = YES;
				CLANG_WARN_INT_CONVERSION = YES;
				CLANG_WARN_OBJC_ROOT_CLASS = YES_ERROR;
				CLANG_WARN_UNREACHABLE_CODE = YES;
				CLANG_WARN__DUPLICATE_METHOD_MATCH = YES;
				"CODE_SIGN_IDENTITY[sdk=iphoneos*]" = "iPhone Developer";
				COPY_PHASE_STRIP = NO;
				DEBUG_INFORMATION_FORMAT = "dwarf-with-dsym";
				ENABLE_NS_ASSERTIONS = NO;
				ENABLE_STRICT_OBJC_MSGSEND = YES;
				GCC_C_LANGUAGE_STANDARD = gnu99;
				GCC_NO_COMMON_BLOCKS = YES;
				GCC_WARN_64_TO_32_BIT_CONVERSION = YES;
				GCC_WARN_ABOUT_RETURN_TYPE = YES_ERROR;
				GCC_WARN_UNDECLARED_SELECTOR = YES;
				GCC_WARN_UNINITIALIZED_AUTOS = YES_AGGRESSIVE;
				GCC_WARN_UNUSED_FUNCTION = YES;
				GCC_WARN_UNUSED_VARIABLE = YES;
				IPHONEOS_DEPLOYMENT_TARGET = 9.2;
				MTL_ENABLE_DEBUG_INFO = NO;
				SDKROOT = iphoneos;
				TARGETED_DEVICE_FAMILY = "1,2";
				VALIDATE_PRODUCT = YES;
			};
			name = Release;
		};
		018C8D5C1C85910C00AE36E7 /* Debug */ = {
			isa = XCBuildConfiguration;
			buildSettings = {
				ASSETCATALOG_COMPILER_APPICON_NAME = AppIcon;
				INFOPLIST_FILE = "To-Do List/Info.plist";
				LD_RUNPATH_SEARCH_PATHS = "$(inherited) @executable_path/Frameworks";
				PRODUCT_BUNDLE_IDENTIFIER = "list.To-Do-List";
				PRODUCT_NAME = "$(TARGET_NAME)";
			};
			name = Debug;
		};
		018C8D5D1C85910C00AE36E7 /* Release */ = {
			isa = XCBuildConfiguration;
			buildSettings = {
				ASSETCATALOG_COMPILER_APPICON_NAME = AppIcon;
				INFOPLIST_FILE = "To-Do List/Info.plist";
				LD_RUNPATH_SEARCH_PATHS = "$(inherited) @executable_path/Frameworks";
				PRODUCT_BUNDLE_IDENTIFIER = "list.To-Do-List";
				PRODUCT_NAME = "$(TARGET_NAME)";
			};
			name = Release;
		};
		018C8D5F1C85910C00AE36E7 /* Debug */ = {
			isa = XCBuildConfiguration;
			buildSettings = {
				BUNDLE_LOADER = "$(TEST_HOST)";
				INFOPLIST_FILE = "To-Do ListTests/Info.plist";
				LD_RUNPATH_SEARCH_PATHS = "$(inherited) @executable_path/Frameworks @loader_path/Frameworks";
				PRODUCT_BUNDLE_IDENTIFIER = "list.To-Do-ListTests";
				PRODUCT_NAME = "$(TARGET_NAME)";
				TEST_HOST = "$(BUILT_PRODUCTS_DIR)/To-Do List.app/To-Do List";
			};
			name = Debug;
		};
		018C8D601C85910C00AE36E7 /* Release */ = {
			isa = XCBuildConfiguration;
			buildSettings = {
				BUNDLE_LOADER = "$(TEST_HOST)";
				INFOPLIST_FILE = "To-Do ListTests/Info.plist";
				LD_RUNPATH_SEARCH_PATHS = "$(inherited) @executable_path/Frameworks @loader_path/Frameworks";
				PRODUCT_BUNDLE_IDENTIFIER = "list.To-Do-ListTests";
				PRODUCT_NAME = "$(TARGET_NAME)";
				TEST_HOST = "$(BUILT_PRODUCTS_DIR)/To-Do List.app/To-Do List";
			};
			name = Release;
		};
		018C8D621C85910C00AE36E7 /* Debug */ = {
			isa = XCBuildConfiguration;
			buildSettings = {
				INFOPLIST_FILE = "To-Do ListUITests/Info.plist";
				LD_RUNPATH_SEARCH_PATHS = "$(inherited) @executable_path/Frameworks @loader_path/Frameworks";
				PRODUCT_BUNDLE_IDENTIFIER = "list.To-Do-ListUITests";
				PRODUCT_NAME = "$(TARGET_NAME)";
				TEST_TARGET_NAME = "To-Do List";
				USES_XCTRUNNER = YES;
			};
			name = Debug;
		};
		018C8D631C85910C00AE36E7 /* Release */ = {
			isa = XCBuildConfiguration;
			buildSettings = {
				INFOPLIST_FILE = "To-Do ListUITests/Info.plist";
				LD_RUNPATH_SEARCH_PATHS = "$(inherited) @executable_path/Frameworks @loader_path/Frameworks";
				PRODUCT_BUNDLE_IDENTIFIER = "list.To-Do-ListUITests";
				PRODUCT_NAME = "$(TARGET_NAME)";
				TEST_TARGET_NAME = "To-Do List";
				USES_XCTRUNNER = YES;
			};
			name = Release;
		};
/* End XCBuildConfiguration section */

/* Begin XCConfigurationList section */
		018C8D2E1C85910B00AE36E7 /* Build configuration list for PBXProject "To-Do List" */ = {
			isa = XCConfigurationList;
			buildConfigurations = (
				018C8D591C85910C00AE36E7 /* Debug */,
				018C8D5A1C85910C00AE36E7 /* Release */,
			);
			defaultConfigurationIsVisible = 0;
			defaultConfigurationName = Release;
		};
		018C8D5B1C85910C00AE36E7 /* Build configuration list for PBXNativeTarget "To-Do List" */ = {
			isa = XCConfigurationList;
			buildConfigurations = (
				018C8D5C1C85910C00AE36E7 /* Debug */,
				018C8D5D1C85910C00AE36E7 /* Release */,
			);
			defaultConfigurationIsVisible = 0;
			defaultConfigurationName = Release;
		};
		018C8D5E1C85910C00AE36E7 /* Build configuration list for PBXNativeTarget "To-Do ListTests" */ = {
			isa = XCConfigurationList;
			buildConfigurations = (
				018C8D5F1C85910C00AE36E7 /* Debug */,
				018C8D601C85910C00AE36E7 /* Release */,
			);
			defaultConfigurationIsVisible = 0;
			defaultConfigurationName = Release;
		};
		018C8D611C85910C00AE36E7 /* Build configuration list for PBXNativeTarget "To-Do ListUITests" */ = {
			isa = XCConfigurationList;
			buildConfigurations = (
				018C8D621C85910C00AE36E7 /* Debug */,
				018C8D631C85910C00AE36E7 /* Release */,
			);
			defaultConfigurationIsVisible = 0;
			defaultConfigurationName = Release;
		};
/* End XCConfigurationList section */
	};
	rootObject = 018C8D2B1C85910B00AE36E7 /* Project object */;
}
